
Microsoft Visual Studio Solution File, Format Version 12.00
# Visual Studio Version 17
VisualStudioVersion = 17.5.33516.290
MinimumVisualStudioVersion = 10.0.40219.1
Project("{9A19103F-16F7-4668-BE54-9A1E7A4F7556}") = "ProvaPub.API", "ProvaPub.API.csproj", "{BF0C6C17-A860-47B0-BF84-1FBB2E26742A}"
EndProject
Project("{2150E333-8FDC-42A3-9474-1A3956D46DE8}") = "API", "API", "{5334F387-25F4-43F9-B40C-D32ACE8ADD23}"
EndProject
Project("{2150E333-8FDC-42A3-9474-1A3956D46DE8}") = "Domain", "Domain", "{D5B1BA11-AF03-45A2-A29A-97538C670D10}"
EndProject
Project("{2150E333-8FDC-42A3-9474-1A3956D46DE8}") = "Infrastructure", "Infrastructure", "{3075537A-7FAB-48D8-B728-64C862ACCD79}"
EndProject
Project("{9A19103F-16F7-4668-BE54-9A1E7A4F7556}") = "ProvaPub.Domain", "..\ProvaPub.Domain\ProvaPub.Domain.csproj", "{4C201566-5CF7-42E1-821A-F8F92B54981D}"
EndProject
Project("{9A19103F-16F7-4668-BE54-9A1E7A4F7556}") = "ProvaPub.Infrastructure", "..\ProvaPub.Infrastructure\ProvaPub.Infrastructure.csproj", "{2CA16897-E0F2-4103-A4D9-764E916A9B91}"
EndProject
Project("{2150E333-8FDC-42A3-9474-1A3956D46DE8}") = "src", "src", "{A5446F15-D596-47B4-A44A-6208CAB88B51}"
EndProject
Project("{2150E333-8FDC-42A3-9474-1A3956D46DE8}") = "test", "test", "{E08E80FE-3629-4240-9B14-18DF5C347E4B}"
EndProject
Project("{9A19103F-16F7-4668-BE54-9A1E7A4F7556}") = "ProvaPub.Api.IntegrationTestes", "..\ProvaPub.Api.IntegrationTestes\ProvaPub.Api.IntegrationTestes.csproj", "{6D41809D-9EF2-4418-9F08-F967D1B26ACB}"
EndProject
Project("{9A19103F-16F7-4668-BE54-9A1E7A4F7556}") = "ProvaPub.Persistence.IntegrationTests", "..\ProvaPub.Persistence.IntegrationTests\ProvaPub.Persistence.IntegrationTests.csproj", "{5C315772-B20A-4F77-8348-BB41F53B64A9}"
EndProject
Project("{9A19103F-16F7-4668-BE54-9A1E7A4F7556}") = "ProvaPub.Application.UnitTests", "..\ProvaPub.Application.UnitTests\ProvaPub.Application.UnitTests.csproj", "{61F00981-C0EF-4145-AED7-DB836DFE243D}"
EndProject
Global
	GlobalSection(SolutionConfigurationPlatforms) = preSolution
		Debug|Any CPU = Debug|Any CPU
		Release|Any CPU = Release|Any CPU
	EndGlobalSection
	GlobalSection(ProjectConfigurationPlatforms) = postSolution
		{BF0C6C17-A860-47B0-BF84-1FBB2E26742A}.Debug|Any CPU.ActiveCfg = Debug|Any CPU
		{BF0C6C17-A860-47B0-BF84-1FBB2E26742A}.Debug|Any CPU.Build.0 = Debug|Any CPU
		{BF0C6C17-A860-47B0-BF84-1FBB2E26742A}.Release|Any CPU.ActiveCfg = Release|Any CPU
		{BF0C6C17-A860-47B0-BF84-1FBB2E26742A}.Release|Any CPU.Build.0 = Release|Any CPU
		{4C201566-5CF7-42E1-821A-F8F92B54981D}.Debug|Any CPU.ActiveCfg = Debug|Any CPU
		{4C201566-5CF7-42E1-821A-F8F92B54981D}.Debug|Any CPU.Build.0 = Debug|Any CPU
		{4C201566-5CF7-42E1-821A-F8F92B54981D}.Release|Any CPU.ActiveCfg = Release|Any CPU
		{4C201566-5CF7-42E1-821A-F8F92B54981D}.Release|Any CPU.Build.0 = Release|Any CPU
		{2CA16897-E0F2-4103-A4D9-764E916A9B91}.Debug|Any CPU.ActiveCfg = Debug|Any CPU
		{2CA16897-E0F2-4103-A4D9-764E916A9B91}.Debug|Any CPU.Build.0 = Debug|Any CPU
		{2CA16897-E0F2-4103-A4D9-764E916A9B91}.Release|Any CPU.ActiveCfg = Release|Any CPU
		{2CA16897-E0F2-4103-A4D9-764E916A9B91}.Release|Any CPU.Build.0 = Release|Any CPU
		{6D41809D-9EF2-4418-9F08-F967D1B26ACB}.Debug|Any CPU.ActiveCfg = Debug|Any CPU
		{6D41809D-9EF2-4418-9F08-F967D1B26ACB}.Debug|Any CPU.Build.0 = Debug|Any CPU
		{6D41809D-9EF2-4418-9F08-F967D1B26ACB}.Release|Any CPU.ActiveCfg = Release|Any CPU
		{6D41809D-9EF2-4418-9F08-F967D1B26ACB}.Release|Any CPU.Build.0 = Release|Any CPU
		{5C315772-B20A-4F77-8348-BB41F53B64A9}.Debug|Any CPU.ActiveCfg = Debug|Any CPU
		{5C315772-B20A-4F77-8348-BB41F53B64A9}.Debug|Any CPU.Build.0 = Debug|Any CPU
		{5C315772-B20A-4F77-8348-BB41F53B64A9}.Release|Any CPU.ActiveCfg = Release|Any CPU
		{5C315772-B20A-4F77-8348-BB41F53B64A9}.Release|Any CPU.Build.0 = Release|Any CPU
		{61F00981-C0EF-4145-AED7-DB836DFE243D}.Debug|Any CPU.ActiveCfg = Debug|Any CPU
		{61F00981-C0EF-4145-AED7-DB836DFE243D}.Debug|Any CPU.Build.0 = Debug|Any CPU
		{61F00981-C0EF-4145-AED7-DB836DFE243D}.Release|Any CPU.ActiveCfg = Release|Any CPU
		{61F00981-C0EF-4145-AED7-DB836DFE243D}.Release|Any CPU.Build.0 = Release|Any CPU
	EndGlobalSection
	GlobalSection(SolutionProperties) = preSolution
		HideSolutionNode = FALSE
	EndGlobalSection
	GlobalSection(NestedProjects) = preSolution
		{BF0C6C17-A860-47B0-BF84-1FBB2E26742A} = {5334F387-25F4-43F9-B40C-D32ACE8ADD23}
		{5334F387-25F4-43F9-B40C-D32ACE8ADD23} = {A5446F15-D596-47B4-A44A-6208CAB88B51}
		{D5B1BA11-AF03-45A2-A29A-97538C670D10} = {A5446F15-D596-47B4-A44A-6208CAB88B51}
		{3075537A-7FAB-48D8-B728-64C862ACCD79} = {A5446F15-D596-47B4-A44A-6208CAB88B51}
		{4C201566-5CF7-42E1-821A-F8F92B54981D} = {D5B1BA11-AF03-45A2-A29A-97538C670D10}
		{2CA16897-E0F2-4103-A4D9-764E916A9B91} = {3075537A-7FAB-48D8-B728-64C862ACCD79}
		{6D41809D-9EF2-4418-9F08-F967D1B26ACB} = {E08E80FE-3629-4240-9B14-18DF5C347E4B}
		{5C315772-B20A-4F77-8348-BB41F53B64A9} = {E08E80FE-3629-4240-9B14-18DF5C347E4B}
		{61F00981-C0EF-4145-AED7-DB836DFE243D} = {E08E80FE-3629-4240-9B14-18DF5C347E4B}
	EndGlobalSection
	GlobalSection(ExtensibilityGlobals) = postSolution
		SolutionGuid = {508154CE-59FC-48C4-A288-C3D88E9607FE}
	EndGlobalSection
EndGlobal
