
Microsoft Visual Studio Solution File, Format Version 12.00
# Visual Studio Version 17
VisualStudioVersion = 17.5.33516.290
MinimumVisualStudioVersion = 10.0.40219.1
Project("{2150E333-8FDC-42A3-9474-1A3956D46DE8}") = "API", "API", "{5334F387-25F4-43F9-B40C-D32ACE8ADD23}"
EndProject
Project("{2150E333-8FDC-42A3-9474-1A3956D46DE8}") = "Domain", "Domain", "{D5B1BA11-AF03-45A2-A29A-97538C670D10}"
EndProject
Project("{2150E333-8FDC-42A3-9474-1A3956D46DE8}") = "Infrastructure", "Infrastructure", "{3075537A-7FAB-48D8-B728-64C862ACCD79}"
EndProject
Project("{2150E333-8FDC-42A3-9474-1A3956D46DE8}") = "src", "src", "{A5446F15-D596-47B4-A44A-6208CAB88B51}"
EndProject
Project("{2150E333-8FDC-42A3-9474-1A3956D46DE8}") = "test", "test", "{E08E80FE-3629-4240-9B14-18DF5C347E4B}"
EndProject
Project("{9A19103F-16F7-4668-BE54-9A1E7A4F7556}") = "ProvaPub.API", "ProvaPub.API\ProvaPub.API.csproj", "{8DF273C1-2977-48E1-94B7-D58CF622F8D7}"
EndProject
Project("{9A19103F-16F7-4668-BE54-9A1E7A4F7556}") = "ProvaPub.Infrastructure", "ProvaPub.Infrastructure\ProvaPub.Infrastructure.csproj", "{D3028342-42E2-4A90-968C-5DF290646B24}"
EndProject
Project("{9A19103F-16F7-4668-BE54-9A1E7A4F7556}") = "ProvaPub.Domain", "ProvaPub.Domain\ProvaPub.Domain.csproj", "{2748D0B3-BEB3-40BB-A548-CC7C6F2C64A7}"
EndProject
Project("{FAE04EC0-301F-11D3-BF4B-00C04F79EFBC}") = "ProvaPub.Api.IntegrationTests", "ProvaPub.Api.IntegrationTestes\ProvaPub.Api.IntegrationTests.csproj", "{B7E1C697-546D-411A-991D-A33A35A82C53}"
EndProject
Project("{FAE04EC0-301F-11D3-BF4B-00C04F79EFBC}") = "ProvaPub.Application.UnitTests", "ProvaPub.Application.UnitTests\ProvaPub.Application.UnitTests.csproj", "{9A1FF0F2-B9DE-455A-A4BB-ADF5BC34139F}"
EndProject
Project("{FAE04EC0-301F-11D3-BF4B-00C04F79EFBC}") = "ProvaPub.Persistence.IntegrationTests", "ProvaPub.Persistence.IntegrationTests\ProvaPub.Persistence.IntegrationTests.csproj", "{E0674AA5-813E-4BED-833F-B01DE642A92F}"
EndProject
Global
	GlobalSection(SolutionConfigurationPlatforms) = preSolution
		Debug|Any CPU = Debug|Any CPU
		Release|Any CPU = Release|Any CPU
	EndGlobalSection
	GlobalSection(ProjectConfigurationPlatforms) = postSolution
		{8DF273C1-2977-48E1-94B7-D58CF622F8D7}.Debug|Any CPU.ActiveCfg = Debug|Any CPU
		{8DF273C1-2977-48E1-94B7-D58CF622F8D7}.Debug|Any CPU.Build.0 = Debug|Any CPU
		{8DF273C1-2977-48E1-94B7-D58CF622F8D7}.Release|Any CPU.ActiveCfg = Release|Any CPU
		{8DF273C1-2977-48E1-94B7-D58CF622F8D7}.Release|Any CPU.Build.0 = Release|Any CPU
		{D3028342-42E2-4A90-968C-5DF290646B24}.Debug|Any CPU.ActiveCfg = Debug|Any CPU
		{D3028342-42E2-4A90-968C-5DF290646B24}.Debug|Any CPU.Build.0 = Debug|Any CPU
		{D3028342-42E2-4A90-968C-5DF290646B24}.Release|Any CPU.ActiveCfg = Release|Any CPU
		{D3028342-42E2-4A90-968C-5DF290646B24}.Release|Any CPU.Build.0 = Release|Any CPU
		{2748D0B3-BEB3-40BB-A548-CC7C6F2C64A7}.Debug|Any CPU.ActiveCfg = Debug|Any CPU
		{2748D0B3-BEB3-40BB-A548-CC7C6F2C64A7}.Debug|Any CPU.Build.0 = Debug|Any CPU
		{2748D0B3-BEB3-40BB-A548-CC7C6F2C64A7}.Release|Any CPU.ActiveCfg = Release|Any CPU
		{2748D0B3-BEB3-40BB-A548-CC7C6F2C64A7}.Release|Any CPU.Build.0 = Release|Any CPU
		{B7E1C697-546D-411A-991D-A33A35A82C53}.Debug|Any CPU.ActiveCfg = Debug|Any CPU
		{B7E1C697-546D-411A-991D-A33A35A82C53}.Debug|Any CPU.Build.0 = Debug|Any CPU
		{B7E1C697-546D-411A-991D-A33A35A82C53}.Release|Any CPU.ActiveCfg = Release|Any CPU
		{B7E1C697-546D-411A-991D-A33A35A82C53}.Release|Any CPU.Build.0 = Release|Any CPU
		{9A1FF0F2-B9DE-455A-A4BB-ADF5BC34139F}.Debug|Any CPU.ActiveCfg = Debug|Any CPU
		{9A1FF0F2-B9DE-455A-A4BB-ADF5BC34139F}.Debug|Any CPU.Build.0 = Debug|Any CPU
		{9A1FF0F2-B9DE-455A-A4BB-ADF5BC34139F}.Release|Any CPU.ActiveCfg = Release|Any CPU
		{9A1FF0F2-B9DE-455A-A4BB-ADF5BC34139F}.Release|Any CPU.Build.0 = Release|Any CPU
		{E0674AA5-813E-4BED-833F-B01DE642A92F}.Debug|Any CPU.ActiveCfg = Debug|Any CPU
		{E0674AA5-813E-4BED-833F-B01DE642A92F}.Debug|Any CPU.Build.0 = Debug|Any CPU
		{E0674AA5-813E-4BED-833F-B01DE642A92F}.Release|Any CPU.ActiveCfg = Release|Any CPU
		{E0674AA5-813E-4BED-833F-B01DE642A92F}.Release|Any CPU.Build.0 = Release|Any CPU
	EndGlobalSection
	GlobalSection(SolutionProperties) = preSolution
		HideSolutionNode = FALSE
	EndGlobalSection
	GlobalSection(NestedProjects) = preSolution
		{5334F387-25F4-43F9-B40C-D32ACE8ADD23} = {A5446F15-D596-47B4-A44A-6208CAB88B51}
		{D5B1BA11-AF03-45A2-A29A-97538C670D10} = {A5446F15-D596-47B4-A44A-6208CAB88B51}
		{3075537A-7FAB-48D8-B728-64C862ACCD79} = {A5446F15-D596-47B4-A44A-6208CAB88B51}
		{8DF273C1-2977-48E1-94B7-D58CF622F8D7} = {5334F387-25F4-43F9-B40C-D32ACE8ADD23}
		{D3028342-42E2-4A90-968C-5DF290646B24} = {3075537A-7FAB-48D8-B728-64C862ACCD79}
		{2748D0B3-BEB3-40BB-A548-CC7C6F2C64A7} = {D5B1BA11-AF03-45A2-A29A-97538C670D10}
		{B7E1C697-546D-411A-991D-A33A35A82C53} = {E08E80FE-3629-4240-9B14-18DF5C347E4B}
		{9A1FF0F2-B9DE-455A-A4BB-ADF5BC34139F} = {E08E80FE-3629-4240-9B14-18DF5C347E4B}
		{E0674AA5-813E-4BED-833F-B01DE642A92F} = {E08E80FE-3629-4240-9B14-18DF5C347E4B}
	EndGlobalSection
	GlobalSection(ExtensibilityGlobals) = postSolution
		SolutionGuid = {508154CE-59FC-48C4-A288-C3D88E9607FE}
	EndGlobalSection
EndGlobal
